
Microsoft Visual Studio Solution File, Format Version 12.00
# Visual Studio Version 16
VisualStudioVersion = 16.0.29613.14
MinimumVisualStudioVersion = 10.0.40219.1
Project("{FAE04EC0-301F-11D3-BF4B-00C04F79EFBC}") = "WPF_Snake", "WPF_Snake\WPF_Snake.csproj", "{7E49C2D6-EBD9-476D-B533-D549EB1E71D5}"
EndProject
Global
	GlobalSection(SolutionConfigurationPlatforms) = preSolution
		Debug|Any CPU = Debug|Any CPU
		Release|Any CPU = Release|Any CPU
	EndGlobalSection
	GlobalSection(ProjectConfigurationPlatforms) = postSolution
		{7E49C2D6-EBD9-476D-B533-D549EB1E71D5}.Debug|Any CPU.ActiveCfg = Debug|Any CPU
		{7E49C2D6-EBD9-476D-B533-D549EB1E71D5}.Debug|Any CPU.Build.0 = Debug|Any CPU
		{7E49C2D6-EBD9-476D-B533-D549EB1E71D5}.Release|Any CPU.ActiveCfg = Release|Any CPU
		{7E49C2D6-EBD9-476D-B533-D549EB1E71D5}.Release|Any CPU.Build.0 = Release|Any CPU
	EndGlobalSection
	GlobalSection(SolutionProperties) = preSolution
		HideSolutionNode = FALSE
	EndGlobalSection
	GlobalSection(ExtensibilityGlobals) = postSolution
		SolutionGuid = {AF4E4A6C-15F6-4D34-8E27-4F809CB0624C}
	EndGlobalSection
EndGlobal
